
Microsoft Visual Studio Solution File, Format Version 12.00
# Visual Studio Version 16
VisualStudioVersion = 16.0.31019.35
MinimumVisualStudioVersion = 10.0.40219.1
Project("{FAE04EC0-301F-11D3-BF4B-00C04F79EFBC}") = "LessonsNP", "LessonsNP\LessonsNP.csproj", "{A04F08A2-D632-4049-B415-0806E69EDC50}"
EndProject
Project("{FAE04EC0-301F-11D3-BF4B-00C04F79EFBC}") = "NPClient", "NPClient\NPClient.csproj", "{7D3B2F51-BAE6-478C-9B6D-4DB8EE4D0B96}"
EndProject
Project("{FAE04EC0-301F-11D3-BF4B-00C04F79EFBC}") = "ConsoleChatServer", "ConsoleChat\ConsoleChatServer.csproj", "{A2ADEB77-1DAB-4629-9A9F-C55254950FA5}"
EndProject
Project("{FAE04EC0-301F-11D3-BF4B-00C04F79EFBC}") = "ConsoleChatClient", "ConsoleChatClient\ConsoleChatClient.csproj", "{61F989C1-3ADF-40A6-A35C-9E7BC67FF577}"
EndProject
Global
	GlobalSection(SolutionConfigurationPlatforms) = preSolution
		Debug|Any CPU = Debug|Any CPU
		Release|Any CPU = Release|Any CPU
	EndGlobalSection
	GlobalSection(ProjectConfigurationPlatforms) = postSolution
		{A04F08A2-D632-4049-B415-0806E69EDC50}.Debug|Any CPU.ActiveCfg = Debug|Any CPU
		{A04F08A2-D632-4049-B415-0806E69EDC50}.Debug|Any CPU.Build.0 = Debug|Any CPU
		{A04F08A2-D632-4049-B415-0806E69EDC50}.Release|Any CPU.ActiveCfg = Release|Any CPU
		{A04F08A2-D632-4049-B415-0806E69EDC50}.Release|Any CPU.Build.0 = Release|Any CPU
		{7D3B2F51-BAE6-478C-9B6D-4DB8EE4D0B96}.Debug|Any CPU.ActiveCfg = Debug|Any CPU
		{7D3B2F51-BAE6-478C-9B6D-4DB8EE4D0B96}.Debug|Any CPU.Build.0 = Debug|Any CPU
		{7D3B2F51-BAE6-478C-9B6D-4DB8EE4D0B96}.Release|Any CPU.ActiveCfg = Release|Any CPU
		{7D3B2F51-BAE6-478C-9B6D-4DB8EE4D0B96}.Release|Any CPU.Build.0 = Release|Any CPU
		{A2ADEB77-1DAB-4629-9A9F-C55254950FA5}.Debug|Any CPU.ActiveCfg = Debug|Any CPU
		{A2ADEB77-1DAB-4629-9A9F-C55254950FA5}.Debug|Any CPU.Build.0 = Debug|Any CPU
		{A2ADEB77-1DAB-4629-9A9F-C55254950FA5}.Release|Any CPU.ActiveCfg = Release|Any CPU
		{A2ADEB77-1DAB-4629-9A9F-C55254950FA5}.Release|Any CPU.Build.0 = Release|Any CPU
		{61F989C1-3ADF-40A6-A35C-9E7BC67FF577}.Debug|Any CPU.ActiveCfg = Debug|Any CPU
		{61F989C1-3ADF-40A6-A35C-9E7BC67FF577}.Debug|Any CPU.Build.0 = Debug|Any CPU
		{61F989C1-3ADF-40A6-A35C-9E7BC67FF577}.Release|Any CPU.ActiveCfg = Release|Any CPU
		{61F989C1-3ADF-40A6-A35C-9E7BC67FF577}.Release|Any CPU.Build.0 = Release|Any CPU
	EndGlobalSection
	GlobalSection(SolutionProperties) = preSolution
		HideSolutionNode = FALSE
	EndGlobalSection
	GlobalSection(ExtensibilityGlobals) = postSolution
		SolutionGuid = {1A18ED96-2EE9-4C11-A440-C6B1C8B39179}
	EndGlobalSection
EndGlobal
