
Microsoft Visual Studio Solution File, Format Version 12.00
# Visual Studio Version 16
VisualStudioVersion = 16.0.31112.23
MinimumVisualStudioVersion = 10.0.40219.1
Project("{FAE04EC0-301F-11D3-BF4B-00C04F79EFBC}") = "ConsoleChatClient", "ConsoleChatClient.csproj", "{61F989C1-3ADF-40A6-A35C-9E7BC67FF577}"
EndProject
Project("{FAE04EC0-301F-11D3-BF4B-00C04F79EFBC}") = "ConsoleChatServer", "..\ConsoleChat\ConsoleChatServer.csproj", "{A2ADEB77-1DAB-4629-9A9F-C55254950FA5}"
EndProject
Project("{FAE04EC0-301F-11D3-BF4B-00C04F79EFBC}") = "ChatProtocol", "..\ChatProtocol\ChatProtocol.csproj", "{ADDBEE33-86CB-44D8-9AAD-7CB66B29411C}"
EndProject
Global
	GlobalSection(SolutionConfigurationPlatforms) = preSolution
		Debug|Any CPU = Debug|Any CPU
		Release|Any CPU = Release|Any CPU
	EndGlobalSection
	GlobalSection(ProjectConfigurationPlatforms) = postSolution
		{61F989C1-3ADF-40A6-A35C-9E7BC67FF577}.Debug|Any CPU.ActiveCfg = Debug|Any CPU
		{61F989C1-3ADF-40A6-A35C-9E7BC67FF577}.Debug|Any CPU.Build.0 = Debug|Any CPU
		{61F989C1-3ADF-40A6-A35C-9E7BC67FF577}.Release|Any CPU.ActiveCfg = Release|Any CPU
		{61F989C1-3ADF-40A6-A35C-9E7BC67FF577}.Release|Any CPU.Build.0 = Release|Any CPU
		{A2ADEB77-1DAB-4629-9A9F-C55254950FA5}.Debug|Any CPU.ActiveCfg = Debug|Any CPU
		{A2ADEB77-1DAB-4629-9A9F-C55254950FA5}.Debug|Any CPU.Build.0 = Debug|Any CPU
		{A2ADEB77-1DAB-4629-9A9F-C55254950FA5}.Release|Any CPU.ActiveCfg = Release|Any CPU
		{A2ADEB77-1DAB-4629-9A9F-C55254950FA5}.Release|Any CPU.Build.0 = Release|Any CPU
		{ADDBEE33-86CB-44D8-9AAD-7CB66B29411C}.Debug|Any CPU.ActiveCfg = Debug|Any CPU
		{ADDBEE33-86CB-44D8-9AAD-7CB66B29411C}.Debug|Any CPU.Build.0 = Debug|Any CPU
		{ADDBEE33-86CB-44D8-9AAD-7CB66B29411C}.Release|Any CPU.ActiveCfg = Release|Any CPU
		{ADDBEE33-86CB-44D8-9AAD-7CB66B29411C}.Release|Any CPU.Build.0 = Release|Any CPU
	EndGlobalSection
	GlobalSection(SolutionProperties) = preSolution
		HideSolutionNode = FALSE
	EndGlobalSection
	GlobalSection(ExtensibilityGlobals) = postSolution
		SolutionGuid = {50784A11-E757-446E-B11E-39F2B1D7796F}
	EndGlobalSection
EndGlobal
